// !$*UTF8*$!
{
	archiveVersion = 1;
	classes = {
	};
	objectVersion = 53;
	objects = {

/* Begin PBXBuildFile section */
		493B3620FD3367F8B946B393 /* Pods_iSpread.framework in Frameworks */ = {isa = PBXBuildFile; fileRef = 35D3325D654FB4C8EA604FBA /* Pods_iSpread.framework */; };
		EC5BAC7A24C906C500BDE381 /* LoginViewController.swift in Sources */ = {isa = PBXBuildFile; fileRef = EC5BAC7924C906C500BDE381 /* LoginViewController.swift */; };
		EC5BAC7C24C906FD00BDE381 /* ConversationsViewController.swift in Sources */ = {isa = PBXBuildFile; fileRef = EC5BAC7B24C906FD00BDE381 /* ConversationsViewController.swift */; };
		EC5BAC7E24C9075E00BDE381 /* RegisterViewController.swift in Sources */ = {isa = PBXBuildFile; fileRef = EC5BAC7D24C9075E00BDE381 /* RegisterViewController.swift */; };
		EC7214BD24CA67B000D42F56 /* Extensions.swift in Sources */ = {isa = PBXBuildFile; fileRef = EC7214BC24CA67B000D42F56 /* Extensions.swift */; };
		EC7214BF24CB78CD00D42F56 /* GoogleService-Info.plist in Resources */ = {isa = PBXBuildFile; fileRef = EC7214BE24CB78CD00D42F56 /* GoogleService-Info.plist */; };
		EC7214C124CCDDF100D42F56 /* DatabaseManager.swift in Sources */ = {isa = PBXBuildFile; fileRef = EC7214C024CCDDF100D42F56 /* DatabaseManager.swift */; };
		ECC558FA24C7C8F900A245A7 /* AppDelegate.swift in Sources */ = {isa = PBXBuildFile; fileRef = ECC558F924C7C8F900A245A7 /* AppDelegate.swift */; };
		ECC558FC24C7C8F900A245A7 /* SceneDelegate.swift in Sources */ = {isa = PBXBuildFile; fileRef = ECC558FB24C7C8F900A245A7 /* SceneDelegate.swift */; };
		ECC5590124C7C8F900A245A7 /* Main.storyboard in Resources */ = {isa = PBXBuildFile; fileRef = ECC558FF24C7C8F900A245A7 /* Main.storyboard */; };
		ECC5590324C7C8FB00A245A7 /* Assets.xcassets in Resources */ = {isa = PBXBuildFile; fileRef = ECC5590224C7C8FB00A245A7 /* Assets.xcassets */; };
		ECC5590624C7C8FB00A245A7 /* LaunchScreen.storyboard in Resources */ = {isa = PBXBuildFile; fileRef = ECC5590424C7C8FB00A245A7 /* LaunchScreen.storyboard */; };
		ECC5591124C7C8FC00A245A7 /* iSpreadTests.swift in Sources */ = {isa = PBXBuildFile; fileRef = ECC5591024C7C8FC00A245A7 /* iSpreadTests.swift */; };
		ECC5591C24C7C8FC00A245A7 /* iSpreadUITests.swift in Sources */ = {isa = PBXBuildFile; fileRef = ECC5591B24C7C8FC00A245A7 /* iSpreadUITests.swift */; };
		ECC5593524C7CAB000A245A7 /* PhotoViewerViewController.swift in Sources */ = {isa = PBXBuildFile; fileRef = ECC5593424C7CAB000A245A7 /* PhotoViewerViewController.swift */; };
		ECC5593724C7CABE00A245A7 /* VideoPlayerViewController.swift in Sources */ = {isa = PBXBuildFile; fileRef = ECC5593624C7CABE00A245A7 /* VideoPlayerViewController.swift */; };
		ECC5593924C7CAD600A245A7 /* NewConversationViewController.swift in Sources */ = {isa = PBXBuildFile; fileRef = ECC5593824C7CAD600A245A7 /* NewConversationViewController.swift */; };
		ECC5593B24C7CAE500A245A7 /* ProfileViewController.swift in Sources */ = {isa = PBXBuildFile; fileRef = ECC5593A24C7CAE500A245A7 /* ProfileViewController.swift */; };
/* End PBXBuildFile section */

/* Begin PBXContainerItemProxy section */
		ECC5590D24C7C8FC00A245A7 /* PBXContainerItemProxy */ = {
			isa = PBXContainerItemProxy;
			containerPortal = ECC558EE24C7C8F900A245A7 /* Project object */;
			proxyType = 1;
			remoteGlobalIDString = ECC558F524C7C8F900A245A7;
			remoteInfo = iSpread;
		};
		ECC5591824C7C8FC00A245A7 /* PBXContainerItemProxy */ = {
			isa = PBXContainerItemProxy;
			containerPortal = ECC558EE24C7C8F900A245A7 /* Project object */;
			proxyType = 1;
			remoteGlobalIDString = ECC558F524C7C8F900A245A7;
			remoteInfo = iSpread;
		};
/* End PBXContainerItemProxy section */

/* Begin PBXFileReference section */
		35D3325D654FB4C8EA604FBA /* Pods_iSpread.framework */ = {isa = PBXFileReference; explicitFileType = wrapper.framework; includeInIndex = 0; path = Pods_iSpread.framework; sourceTree = BUILT_PRODUCTS_DIR; };
		608F400C4DAC357F62251C3A /* Pods-iSpread.release.xcconfig */ = {isa = PBXFileReference; includeInIndex = 1; lastKnownFileType = text.xcconfig; name = "Pods-iSpread.release.xcconfig"; path = "Target Support Files/Pods-iSpread/Pods-iSpread.release.xcconfig"; sourceTree = "<group>"; };
		EC5BAC7924C906C500BDE381 /* LoginViewController.swift */ = {isa = PBXFileReference; lastKnownFileType = sourcecode.swift; path = LoginViewController.swift; sourceTree = "<group>"; };
		EC5BAC7B24C906FD00BDE381 /* ConversationsViewController.swift */ = {isa = PBXFileReference; lastKnownFileType = sourcecode.swift; path = ConversationsViewController.swift; sourceTree = "<group>"; };
		EC5BAC7D24C9075E00BDE381 /* RegisterViewController.swift */ = {isa = PBXFileReference; lastKnownFileType = sourcecode.swift; path = RegisterViewController.swift; sourceTree = "<group>"; };
		EC7214BC24CA67B000D42F56 /* Extensions.swift */ = {isa = PBXFileReference; lastKnownFileType = sourcecode.swift; path = Extensions.swift; sourceTree = "<group>"; };
		EC7214BE24CB78CD00D42F56 /* GoogleService-Info.plist */ = {isa = PBXFileReference; fileEncoding = 4; lastKnownFileType = text.plist.xml; name = "GoogleService-Info.plist"; path = "../../../Downloads/GoogleService-Info.plist"; sourceTree = "<group>"; };
		EC7214C024CCDDF100D42F56 /* DatabaseManager.swift */ = {isa = PBXFileReference; lastKnownFileType = sourcecode.swift; path = DatabaseManager.swift; sourceTree = "<group>"; };
		ECC558F624C7C8F900A245A7 /* iSpread.app */ = {isa = PBXFileReference; explicitFileType = wrapper.application; includeInIndex = 0; path = iSpread.app; sourceTree = BUILT_PRODUCTS_DIR; };
		ECC558F924C7C8F900A245A7 /* AppDelegate.swift */ = {isa = PBXFileReference; lastKnownFileType = sourcecode.swift; path = AppDelegate.swift; sourceTree = "<group>"; };
		ECC558FB24C7C8F900A245A7 /* SceneDelegate.swift */ = {isa = PBXFileReference; lastKnownFileType = sourcecode.swift; path = SceneDelegate.swift; sourceTree = "<group>"; };
		ECC5590024C7C8F900A245A7 /* Base */ = {isa = PBXFileReference; lastKnownFileType = file.storyboard; name = Base; path = Base.lproj/Main.storyboard; sourceTree = "<group>"; };
		ECC5590224C7C8FB00A245A7 /* Assets.xcassets */ = {isa = PBXFileReference; lastKnownFileType = folder.assetcatalog; path = Assets.xcassets; sourceTree = "<group>"; };
		ECC5590524C7C8FB00A245A7 /* Base */ = {isa = PBXFileReference; lastKnownFileType = file.storyboard; name = Base; path = Base.lproj/LaunchScreen.storyboard; sourceTree = "<group>"; };
		ECC5590724C7C8FB00A245A7 /* Info.plist */ = {isa = PBXFileReference; lastKnownFileType = text.plist.xml; path = Info.plist; sourceTree = "<group>"; };
		ECC5590C24C7C8FC00A245A7 /* iSpreadTests.xctest */ = {isa = PBXFileReference; explicitFileType = wrapper.cfbundle; includeInIndex = 0; path = iSpreadTests.xctest; sourceTree = BUILT_PRODUCTS_DIR; };
		ECC5591024C7C8FC00A245A7 /* iSpreadTests.swift */ = {isa = PBXFileReference; lastKnownFileType = sourcecode.swift; path = iSpreadTests.swift; sourceTree = "<group>"; };
		ECC5591224C7C8FC00A245A7 /* Info.plist */ = {isa = PBXFileReference; lastKnownFileType = text.plist.xml; path = Info.plist; sourceTree = "<group>"; };
		ECC5591724C7C8FC00A245A7 /* iSpreadUITests.xctest */ = {isa = PBXFileReference; explicitFileType = wrapper.cfbundle; includeInIndex = 0; path = iSpreadUITests.xctest; sourceTree = BUILT_PRODUCTS_DIR; };
		ECC5591B24C7C8FC00A245A7 /* iSpreadUITests.swift */ = {isa = PBXFileReference; lastKnownFileType = sourcecode.swift; path = iSpreadUITests.swift; sourceTree = "<group>"; };
		ECC5591D24C7C8FC00A245A7 /* Info.plist */ = {isa = PBXFileReference; lastKnownFileType = text.plist.xml; path = Info.plist; sourceTree = "<group>"; };
		ECC5593424C7CAB000A245A7 /* PhotoViewerViewController.swift */ = {isa = PBXFileReference; lastKnownFileType = sourcecode.swift; path = PhotoViewerViewController.swift; sourceTree = "<group>"; };
		ECC5593624C7CABE00A245A7 /* VideoPlayerViewController.swift */ = {isa = PBXFileReference; lastKnownFileType = sourcecode.swift; path = VideoPlayerViewController.swift; sourceTree = "<group>"; };
		ECC5593824C7CAD600A245A7 /* NewConversationViewController.swift */ = {isa = PBXFileReference; lastKnownFileType = sourcecode.swift; path = NewConversationViewController.swift; sourceTree = "<group>"; };
		ECC5593A24C7CAE500A245A7 /* ProfileViewController.swift */ = {isa = PBXFileReference; lastKnownFileType = sourcecode.swift; path = ProfileViewController.swift; sourceTree = "<group>"; };
		FE803795AECEAE7244BF6050 /* Pods-iSpread.debug.xcconfig */ = {isa = PBXFileReference; includeInIndex = 1; lastKnownFileType = text.xcconfig; name = "Pods-iSpread.debug.xcconfig"; path = "Target Support Files/Pods-iSpread/Pods-iSpread.debug.xcconfig"; sourceTree = "<group>"; };
/* End PBXFileReference section */

/* Begin PBXFrameworksBuildPhase section */
		ECC558F324C7C8F900A245A7 /* Frameworks */ = {
			isa = PBXFrameworksBuildPhase;
			buildActionMask = 2147483647;
			files = (
				493B3620FD3367F8B946B393 /* Pods_iSpread.framework in Frameworks */,
			);
			runOnlyForDeploymentPostprocessing = 0;
		};
		ECC5590924C7C8FC00A245A7 /* Frameworks */ = {
			isa = PBXFrameworksBuildPhase;
			buildActionMask = 2147483647;
			files = (
			);
			runOnlyForDeploymentPostprocessing = 0;
		};
		ECC5591424C7C8FC00A245A7 /* Frameworks */ = {
			isa = PBXFrameworksBuildPhase;
			buildActionMask = 2147483647;
			files = (
			);
			runOnlyForDeploymentPostprocessing = 0;
		};
/* End PBXFrameworksBuildPhase section */

/* Begin PBXGroup section */
		2C08C1D30837578A5D8F368E /* Pods */ = {
			isa = PBXGroup;
			children = (
				FE803795AECEAE7244BF6050 /* Pods-iSpread.debug.xcconfig */,
				608F400C4DAC357F62251C3A /* Pods-iSpread.release.xcconfig */,
			);
			path = Pods;
			sourceTree = "<group>";
		};
		BFA3B3C0BB9DC55D60DCAB8C /* Frameworks */ = {
			isa = PBXGroup;
			children = (
				35D3325D654FB4C8EA604FBA /* Pods_iSpread.framework */,
			);
			name = Frameworks;
			sourceTree = "<group>";
		};
		EC5BAC7824C9036C00BDE381 /* Login */ = {
			isa = PBXGroup;
			children = (
				EC5BAC7924C906C500BDE381 /* LoginViewController.swift */,
				EC5BAC7D24C9075E00BDE381 /* RegisterViewController.swift */,
			);
			path = Login;
			sourceTree = "<group>";
		};
		ECC558ED24C7C8F900A245A7 = {
			isa = PBXGroup;
			children = (
				ECC558F824C7C8F900A245A7 /* iSpread */,
				ECC5590F24C7C8FC00A245A7 /* iSpreadTests */,
				ECC5591A24C7C8FC00A245A7 /* iSpreadUITests */,
				ECC558F724C7C8F900A245A7 /* Products */,
				2C08C1D30837578A5D8F368E /* Pods */,
				BFA3B3C0BB9DC55D60DCAB8C /* Frameworks */,
			);
			sourceTree = "<group>";
			usesTabs = 0;
		};
		ECC558F724C7C8F900A245A7 /* Products */ = {
			isa = PBXGroup;
			children = (
				ECC558F624C7C8F900A245A7 /* iSpread.app */,
				ECC5590C24C7C8FC00A245A7 /* iSpreadTests.xctest */,
				ECC5591724C7C8FC00A245A7 /* iSpreadUITests.xctest */,
			);
			name = Products;
			sourceTree = "<group>";
		};
		ECC558F824C7C8F900A245A7 /* iSpread */ = {
			isa = PBXGroup;
			children = (
				EC7214BE24CB78CD00D42F56 /* GoogleService-Info.plist */,
				ECC5592F24C7C96C00A245A7 /* Resources */,
				ECC5592E24C7C96400A245A7 /* ViewModels */,
				ECC5592D24C7C95D00A245A7 /* Models */,
				ECC5592C24C7C95400A245A7 /* Views */,
				ECC5592924C7C91A00A245A7 /* Controllers */,
				ECC5590724C7C8FB00A245A7 /* Info.plist */,
			);
			path = iSpread;
			sourceTree = "<group>";
		};
		ECC5590F24C7C8FC00A245A7 /* iSpreadTests */ = {
			isa = PBXGroup;
			children = (
				ECC5591024C7C8FC00A245A7 /* iSpreadTests.swift */,
				ECC5591224C7C8FC00A245A7 /* Info.plist */,
			);
			path = iSpreadTests;
			sourceTree = "<group>";
		};
		ECC5591A24C7C8FC00A245A7 /* iSpreadUITests */ = {
			isa = PBXGroup;
			children = (
				ECC5591B24C7C8FC00A245A7 /* iSpreadUITests.swift */,
				ECC5591D24C7C8FC00A245A7 /* Info.plist */,
			);
			path = iSpreadUITests;
			sourceTree = "<group>";
		};
		ECC5592924C7C91A00A245A7 /* Controllers */ = {
			isa = PBXGroup;
			children = (
				EC5BAC7B24C906FD00BDE381 /* ConversationsViewController.swift */,
				EC5BAC7824C9036C00BDE381 /* Login */,
				ECC5593424C7CAB000A245A7 /* PhotoViewerViewController.swift */,
				ECC5593624C7CABE00A245A7 /* VideoPlayerViewController.swift */,
				ECC5593824C7CAD600A245A7 /* NewConversationViewController.swift */,
				ECC5593A24C7CAE500A245A7 /* ProfileViewController.swift */,
			);
			path = Controllers;
			sourceTree = "<group>";
		};
		ECC5592B24C7C94300A245A7 /* Storyboards */ = {
			isa = PBXGroup;
			children = (
				ECC558FF24C7C8F900A245A7 /* Main.storyboard */,
				ECC5590424C7C8FB00A245A7 /* LaunchScreen.storyboard */,
				ECC5590224C7C8FB00A245A7 /* Assets.xcassets */,
			);
			path = Storyboards;
			sourceTree = "<group>";
		};
		ECC5592C24C7C95400A245A7 /* Views */ = {
			isa = PBXGroup;
			children = (
				ECC5592B24C7C94300A245A7 /* Storyboards */,
			);
			path = Views;
			sourceTree = "<group>";
		};
		ECC5592D24C7C95D00A245A7 /* Models */ = {
			isa = PBXGroup;
			children = (
			);
			path = Models;
			sourceTree = "<group>";
		};
		ECC5592E24C7C96400A245A7 /* ViewModels */ = {
			isa = PBXGroup;
			children = (
			);
			path = ViewModels;
			sourceTree = "<group>";
		};
		ECC5592F24C7C96C00A245A7 /* Resources */ = {
			isa = PBXGroup;
			children = (
				ECC558F924C7C8F900A245A7 /* AppDelegate.swift */,
				ECC558FB24C7C8F900A245A7 /* SceneDelegate.swift */,
				EC7214BC24CA67B000D42F56 /* Extensions.swift */,
				EC7214C024CCDDF100D42F56 /* DatabaseManager.swift */,
			);
			path = Resources;
			sourceTree = "<group>";
		};
/* End PBXGroup section */

/* Begin PBXNativeTarget section */
		ECC558F524C7C8F900A245A7 /* iSpread */ = {
			isa = PBXNativeTarget;
			buildConfigurationList = ECC5592024C7C8FC00A245A7 /* Build configuration list for PBXNativeTarget "iSpread" */;
			buildPhases = (
				03F4D58D5BDA570DF1EE3769 /* [CP] Check Pods Manifest.lock */,
				ECC558F224C7C8F900A245A7 /* Sources */,
				ECC558F324C7C8F900A245A7 /* Frameworks */,
				ECC558F424C7C8F900A245A7 /* Resources */,
				29249F917AD9BE3A1E05D519 /* [CP] Embed Pods Frameworks */,
				CDB095819E2EB96184A94E13 /* [CP] Copy Pods Resources */,
			);
			buildRules = (
			);
			dependencies = (
			);
			name = iSpread;
			productName = iSpread;
			productReference = ECC558F624C7C8F900A245A7 /* iSpread.app */;
			productType = "com.apple.product-type.application";
		};
		ECC5590B24C7C8FC00A245A7 /* iSpreadTests */ = {
			isa = PBXNativeTarget;
			buildConfigurationList = ECC5592324C7C8FC00A245A7 /* Build configuration list for PBXNativeTarget "iSpreadTests" */;
			buildPhases = (
				ECC5590824C7C8FC00A245A7 /* Sources */,
				ECC5590924C7C8FC00A245A7 /* Frameworks */,
				ECC5590A24C7C8FC00A245A7 /* Resources */,
			);
			buildRules = (
			);
			dependencies = (
				ECC5590E24C7C8FC00A245A7 /* PBXTargetDependency */,
			);
			name = iSpreadTests;
			productName = iSpreadTests;
			productReference = ECC5590C24C7C8FC00A245A7 /* iSpreadTests.xctest */;
			productType = "com.apple.product-type.bundle.unit-test";
		};
		ECC5591624C7C8FC00A245A7 /* iSpreadUITests */ = {
			isa = PBXNativeTarget;
			buildConfigurationList = ECC5592624C7C8FC00A245A7 /* Build configuration list for PBXNativeTarget "iSpreadUITests" */;
			buildPhases = (
				ECC5591324C7C8FC00A245A7 /* Sources */,
				ECC5591424C7C8FC00A245A7 /* Frameworks */,
				ECC5591524C7C8FC00A245A7 /* Resources */,
			);
			buildRules = (
			);
			dependencies = (
				ECC5591924C7C8FC00A245A7 /* PBXTargetDependency */,
			);
			name = iSpreadUITests;
			productName = iSpreadUITests;
			productReference = ECC5591724C7C8FC00A245A7 /* iSpreadUITests.xctest */;
			productType = "com.apple.product-type.bundle.ui-testing";
		};
/* End PBXNativeTarget section */

/* Begin PBXProject section */
		ECC558EE24C7C8F900A245A7 /* Project object */ = {
			isa = PBXProject;
			attributes = {
				LastSwiftUpdateCheck = 1140;
				LastUpgradeCheck = 1140;
				ORGANIZATIONNAME = "Alex Koiv";
				TargetAttributes = {
					ECC558F524C7C8F900A245A7 = {
						CreatedOnToolsVersion = 11.4;
					};
					ECC5590B24C7C8FC00A245A7 = {
						CreatedOnToolsVersion = 11.4;
						TestTargetID = ECC558F524C7C8F900A245A7;
					};
					ECC5591624C7C8FC00A245A7 = {
						CreatedOnToolsVersion = 11.4;
						TestTargetID = ECC558F524C7C8F900A245A7;
					};
				};
			};
			buildConfigurationList = ECC558F124C7C8F900A245A7 /* Build configuration list for PBXProject "iSpread" */;
			compatibilityVersion = "Xcode 11.4";
			developmentRegion = en;
			hasScannedForEncodings = 0;
			knownRegions = (
				en,
				Base,
			);
			mainGroup = ECC558ED24C7C8F900A245A7;
			productRefGroup = ECC558F724C7C8F900A245A7 /* Products */;
			projectDirPath = "";
			projectRoot = "";
			targets = (
				ECC558F524C7C8F900A245A7 /* iSpread */,
				ECC5590B24C7C8FC00A245A7 /* iSpreadTests */,
				ECC5591624C7C8FC00A245A7 /* iSpreadUITests */,
			);
		};
/* End PBXProject section */

/* Begin PBXResourcesBuildPhase section */
		ECC558F424C7C8F900A245A7 /* Resources */ = {
			isa = PBXResourcesBuildPhase;
			buildActionMask = 2147483647;
			files = (
				ECC5590624C7C8FB00A245A7 /* LaunchScreen.storyboard in Resources */,
				EC7214BF24CB78CD00D42F56 /* GoogleService-Info.plist in Resources */,
				ECC5590324C7C8FB00A245A7 /* Assets.xcassets in Resources */,
				ECC5590124C7C8F900A245A7 /* Main.storyboard in Resources */,
			);
			runOnlyForDeploymentPostprocessing = 0;
		};
		ECC5590A24C7C8FC00A245A7 /* Resources */ = {
			isa = PBXResourcesBuildPhase;
			buildActionMask = 2147483647;
			files = (
			);
			runOnlyForDeploymentPostprocessing = 0;
		};
		ECC5591524C7C8FC00A245A7 /* Resources */ = {
			isa = PBXResourcesBuildPhase;
			buildActionMask = 2147483647;
			files = (
			);
			runOnlyForDeploymentPostprocessing = 0;
		};
/* End PBXResourcesBuildPhase section */

/* Begin PBXShellScriptBuildPhase section */
		03F4D58D5BDA570DF1EE3769 /* [CP] Check Pods Manifest.lock */ = {
			isa = PBXShellScriptBuildPhase;
			buildActionMask = 2147483647;
			files = (
			);
			inputFileListPaths = (
			);
			inputPaths = (
				"${PODS_PODFILE_DIR_PATH}/Podfile.lock",
				"${PODS_ROOT}/Manifest.lock",
			);
			name = "[CP] Check Pods Manifest.lock";
			outputFileListPaths = (
			);
			outputPaths = (
				"$(DERIVED_FILE_DIR)/Pods-iSpread-checkManifestLockResult.txt",
			);
			runOnlyForDeploymentPostprocessing = 0;
			shellPath = /bin/sh;
			shellScript = "diff \"${PODS_PODFILE_DIR_PATH}/Podfile.lock\" \"${PODS_ROOT}/Manifest.lock\" > /dev/null\nif [ $? != 0 ] ; then\n    # print error to STDERR\n    echo \"error: The sandbox is not in sync with the Podfile.lock. Run 'pod install' or update your CocoaPods installation.\" >&2\n    exit 1\nfi\n# This output is used by Xcode 'outputs' to avoid re-running this script phase.\necho \"SUCCESS\" > \"${SCRIPT_OUTPUT_FILE_0}\"\n";
			showEnvVarsInLog = 0;
		};
		29249F917AD9BE3A1E05D519 /* [CP] Embed Pods Frameworks */ = {
			isa = PBXShellScriptBuildPhase;
			buildActionMask = 2147483647;
			files = (
			);
			inputFileListPaths = (
				"${PODS_ROOT}/Target Support Files/Pods-iSpread/Pods-iSpread-frameworks-${CONFIGURATION}-input-files.xcfilelist",
			);
			name = "[CP] Embed Pods Frameworks";
			outputFileListPaths = (
				"${PODS_ROOT}/Target Support Files/Pods-iSpread/Pods-iSpread-frameworks-${CONFIGURATION}-output-files.xcfilelist",
			);
			runOnlyForDeploymentPostprocessing = 0;
			shellPath = /bin/sh;
			shellScript = "\"${PODS_ROOT}/Target Support Files/Pods-iSpread/Pods-iSpread-frameworks.sh\"\n";
			showEnvVarsInLog = 0;
		};
		CDB095819E2EB96184A94E13 /* [CP] Copy Pods Resources */ = {
			isa = PBXShellScriptBuildPhase;
			buildActionMask = 2147483647;
			files = (
			);
			inputFileListPaths = (
				"${PODS_ROOT}/Target Support Files/Pods-iSpread/Pods-iSpread-resources-${CONFIGURATION}-input-files.xcfilelist",
			);
			name = "[CP] Copy Pods Resources";
			outputFileListPaths = (
				"${PODS_ROOT}/Target Support Files/Pods-iSpread/Pods-iSpread-resources-${CONFIGURATION}-output-files.xcfilelist",
			);
			runOnlyForDeploymentPostprocessing = 0;
			shellPath = /bin/sh;
			shellScript = "\"${PODS_ROOT}/Target Support Files/Pods-iSpread/Pods-iSpread-resources.sh\"\n";
			showEnvVarsInLog = 0;
		};
/* End PBXShellScriptBuildPhase section */

/* Begin PBXSourcesBuildPhase section */
		ECC558F224C7C8F900A245A7 /* Sources */ = {
			isa = PBXSourcesBuildPhase;
			buildActionMask = 2147483647;
			files = (
				EC5BAC7E24C9075E00BDE381 /* RegisterViewController.swift in Sources */,
				EC7214C124CCDDF100D42F56 /* DatabaseManager.swift in Sources */,
				EC5BAC7A24C906C500BDE381 /* LoginViewController.swift in Sources */,
				ECC5593924C7CAD600A245A7 /* NewConversationViewController.swift in Sources */,
				EC5BAC7C24C906FD00BDE381 /* ConversationsViewController.swift in Sources */,
				ECC5593724C7CABE00A245A7 /* VideoPlayerViewController.swift in Sources */,
				EC7214BD24CA67B000D42F56 /* Extensions.swift in Sources */,
				ECC558FA24C7C8F900A245A7 /* AppDelegate.swift in Sources */,
				ECC5593B24C7CAE500A245A7 /* ProfileViewController.swift in Sources */,
				ECC558FC24C7C8F900A245A7 /* SceneDelegate.swift in Sources */,
				ECC5593524C7CAB000A245A7 /* PhotoViewerViewController.swift in Sources */,
			);
			runOnlyForDeploymentPostprocessing = 0;
		};
		ECC5590824C7C8FC00A245A7 /* Sources */ = {
			isa = PBXSourcesBuildPhase;
			buildActionMask = 2147483647;
			files = (
				ECC5591124C7C8FC00A245A7 /* iSpreadTests.swift in Sources */,
			);
			runOnlyForDeploymentPostprocessing = 0;
		};
		ECC5591324C7C8FC00A245A7 /* Sources */ = {
			isa = PBXSourcesBuildPhase;
			buildActionMask = 2147483647;
			files = (
				ECC5591C24C7C8FC00A245A7 /* iSpreadUITests.swift in Sources */,
			);
			runOnlyForDeploymentPostprocessing = 0;
		};
/* End PBXSourcesBuildPhase section */

/* Begin PBXTargetDependency section */
		ECC5590E24C7C8FC00A245A7 /* PBXTargetDependency */ = {
			isa = PBXTargetDependency;
			target = ECC558F524C7C8F900A245A7 /* iSpread */;
			targetProxy = ECC5590D24C7C8FC00A245A7 /* PBXContainerItemProxy */;
		};
		ECC5591924C7C8FC00A245A7 /* PBXTargetDependency */ = {
			isa = PBXTargetDependency;
			target = ECC558F524C7C8F900A245A7 /* iSpread */;
			targetProxy = ECC5591824C7C8FC00A245A7 /* PBXContainerItemProxy */;
		};
/* End PBXTargetDependency section */

/* Begin PBXVariantGroup section */
		ECC558FF24C7C8F900A245A7 /* Main.storyboard */ = {
			isa = PBXVariantGroup;
			children = (
				ECC5590024C7C8F900A245A7 /* Base */,
			);
			name = Main.storyboard;
			sourceTree = "<group>";
		};
		ECC5590424C7C8FB00A245A7 /* LaunchScreen.storyboard */ = {
			isa = PBXVariantGroup;
			children = (
				ECC5590524C7C8FB00A245A7 /* Base */,
			);
			name = LaunchScreen.storyboard;
			sourceTree = "<group>";
		};
/* End PBXVariantGroup section */

/* Begin XCBuildConfiguration section */
		ECC5591E24C7C8FC00A245A7 /* Debug */ = {
			isa = XCBuildConfiguration;
			buildSettings = {
				ALWAYS_SEARCH_USER_PATHS = NO;
				CLANG_ANALYZER_NONNULL = YES;
				CLANG_ANALYZER_NUMBER_OBJECT_CONVERSION = YES_AGGRESSIVE;
				CLANG_CXX_LANGUAGE_STANDARD = "gnu++14";
				CLANG_CXX_LIBRARY = "libc++";
				CLANG_ENABLE_MODULES = YES;
				CLANG_ENABLE_OBJC_ARC = YES;
				CLANG_ENABLE_OBJC_WEAK = YES;
				CLANG_WARN_BLOCK_CAPTURE_AUTORELEASING = YES;
				CLANG_WARN_BOOL_CONVERSION = YES;
				CLANG_WARN_COMMA = YES;
				CLANG_WARN_CONSTANT_CONVERSION = YES;
				CLANG_WARN_DEPRECATED_OBJC_IMPLEMENTATIONS = YES;
				CLANG_WARN_DIRECT_OBJC_ISA_USAGE = YES_ERROR;
				CLANG_WARN_DOCUMENTATION_COMMENTS = YES;
				CLANG_WARN_EMPTY_BODY = YES;
				CLANG_WARN_ENUM_CONVERSION = YES;
				CLANG_WARN_INFINITE_RECURSION = YES;
				CLANG_WARN_INT_CONVERSION = YES;
				CLANG_WARN_NON_LITERAL_NULL_CONVERSION = YES;
				CLANG_WARN_OBJC_IMPLICIT_RETAIN_SELF = YES;
				CLANG_WARN_OBJC_LITERAL_CONVERSION = YES;
				CLANG_WARN_OBJC_ROOT_CLASS = YES_ERROR;
				CLANG_WARN_RANGE_LOOP_ANALYSIS = YES;
				CLANG_WARN_STRICT_PROTOTYPES = YES;
				CLANG_WARN_SUSPICIOUS_MOVE = YES;
				CLANG_WARN_UNGUARDED_AVAILABILITY = YES_AGGRESSIVE;
				CLANG_WARN_UNREACHABLE_CODE = YES;
				CLANG_WARN__DUPLICATE_METHOD_MATCH = YES;
				COPY_PHASE_STRIP = NO;
				DEBUG_INFORMATION_FORMAT = dwarf;
				ENABLE_STRICT_OBJC_MSGSEND = YES;
				ENABLE_TESTABILITY = YES;
				GCC_C_LANGUAGE_STANDARD = gnu11;
				GCC_DYNAMIC_NO_PIC = NO;
				GCC_NO_COMMON_BLOCKS = YES;
				GCC_OPTIMIZATION_LEVEL = 0;
				GCC_PREPROCESSOR_DEFINITIONS = (
					"DEBUG=1",
					"$(inherited)",
				);
				GCC_WARN_64_TO_32_BIT_CONVERSION = YES;
				GCC_WARN_ABOUT_RETURN_TYPE = YES_ERROR;
				GCC_WARN_UNDECLARED_SELECTOR = YES;
				GCC_WARN_UNINITIALIZED_AUTOS = YES_AGGRESSIVE;
				GCC_WARN_UNUSED_FUNCTION = YES;
				GCC_WARN_UNUSED_VARIABLE = YES;
				IPHONEOS_DEPLOYMENT_TARGET = 13.4;
				MTL_ENABLE_DEBUG_INFO = INCLUDE_SOURCE;
				MTL_FAST_MATH = YES;
				ONLY_ACTIVE_ARCH = YES;
				SDKROOT = iphoneos;
				SWIFT_ACTIVE_COMPILATION_CONDITIONS = DEBUG;
				SWIFT_OPTIMIZATION_LEVEL = "-Onone";
			};
			name = Debug;
		};
		ECC5591F24C7C8FC00A245A7 /* Release */ = {
			isa = XCBuildConfiguration;
			buildSettings = {
				ALWAYS_SEARCH_USER_PATHS = NO;
				CLANG_ANALYZER_NONNULL = YES;
				CLANG_ANALYZER_NUMBER_OBJECT_CONVERSION = YES_AGGRESSIVE;
				CLANG_CXX_LANGUAGE_STANDARD = "gnu++14";
				CLANG_CXX_LIBRARY = "libc++";
				CLANG_ENABLE_MODULES = YES;
				CLANG_ENABLE_OBJC_ARC = YES;
				CLANG_ENABLE_OBJC_WEAK = YES;
				CLANG_WARN_BLOCK_CAPTURE_AUTORELEASING = YES;
				CLANG_WARN_BOOL_CONVERSION = YES;
				CLANG_WARN_COMMA = YES;
				CLANG_WARN_CONSTANT_CONVERSION = YES;
				CLANG_WARN_DEPRECATED_OBJC_IMPLEMENTATIONS = YES;
				CLANG_WARN_DIRECT_OBJC_ISA_USAGE = YES_ERROR;
				CLANG_WARN_DOCUMENTATION_COMMENTS = YES;
				CLANG_WARN_EMPTY_BODY = YES;
				CLANG_WARN_ENUM_CONVERSION = YES;
				CLANG_WARN_INFINITE_RECURSION = YES;
				CLANG_WARN_INT_CONVERSION = YES;
				CLANG_WARN_NON_LITERAL_NULL_CONVERSION = YES;
				CLANG_WARN_OBJC_IMPLICIT_RETAIN_SELF = YES;
				CLANG_WARN_OBJC_LITERAL_CONVERSION = YES;
				CLANG_WARN_OBJC_ROOT_CLASS = YES_ERROR;
				CLANG_WARN_RANGE_LOOP_ANALYSIS = YES;
				CLANG_WARN_STRICT_PROTOTYPES = YES;
				CLANG_WARN_SUSPICIOUS_MOVE = YES;
				CLANG_WARN_UNGUARDED_AVAILABILITY = YES_AGGRESSIVE;
				CLANG_WARN_UNREACHABLE_CODE = YES;
				CLANG_WARN__DUPLICATE_METHOD_MATCH = YES;
				COPY_PHASE_STRIP = NO;
				DEBUG_INFORMATION_FORMAT = "dwarf-with-dsym";
				ENABLE_NS_ASSERTIONS = NO;
				ENABLE_STRICT_OBJC_MSGSEND = YES;
				GCC_C_LANGUAGE_STANDARD = gnu11;
				GCC_NO_COMMON_BLOCKS = YES;
				GCC_WARN_64_TO_32_BIT_CONVERSION = YES;
				GCC_WARN_ABOUT_RETURN_TYPE = YES_ERROR;
				GCC_WARN_UNDECLARED_SELECTOR = YES;
				GCC_WARN_UNINITIALIZED_AUTOS = YES_AGGRESSIVE;
				GCC_WARN_UNUSED_FUNCTION = YES;
				GCC_WARN_UNUSED_VARIABLE = YES;
				IPHONEOS_DEPLOYMENT_TARGET = 13.4;
				MTL_ENABLE_DEBUG_INFO = NO;
				MTL_FAST_MATH = YES;
				SDKROOT = iphoneos;
				SWIFT_COMPILATION_MODE = wholemodule;
				SWIFT_OPTIMIZATION_LEVEL = "-O";
				VALIDATE_PRODUCT = YES;
			};
			name = Release;
		};
		ECC5592124C7C8FC00A245A7 /* Debug */ = {
			isa = XCBuildConfiguration;
			baseConfigurationReference = FE803795AECEAE7244BF6050 /* Pods-iSpread.debug.xcconfig */;
			buildSettings = {
				ASSETCATALOG_COMPILER_APPICON_NAME = AppIcon;
				CODE_SIGN_IDENTITY = "iPhone Developer";
				CODE_SIGN_STYLE = Automatic;
				DEVELOPMENT_TEAM = Y3576LMB63;
				INFOPLIST_FILE = iSpread/Info.plist;
				IPHONEOS_DEPLOYMENT_TARGET = 13.4;
				LD_RUNPATH_SEARCH_PATHS = (
					"$(inherited)",
					"@executable_path/Frameworks",
				);
				PRODUCT_BUNDLE_IDENTIFIER = com.alexkoiv.iSpread;
				PRODUCT_NAME = "$(TARGET_NAME)";
				PROVISIONING_PROFILE_SPECIFIER = "";
				SWIFT_VERSION = 5.0;
				TARGETED_DEVICE_FAMILY = "1,2";
			};
			name = Debug;
		};
		ECC5592224C7C8FC00A245A7 /* Release */ = {
			isa = XCBuildConfiguration;
			baseConfigurationReference = 608F400C4DAC357F62251C3A /* Pods-iSpread.release.xcconfig */;
			buildSettings = {
				ASSETCATALOG_COMPILER_APPICON_NAME = AppIcon;
				CODE_SIGN_IDENTITY = "iPhone Developer";
				CODE_SIGN_STYLE = Automatic;
				DEVELOPMENT_TEAM = Y3576LMB63;
				INFOPLIST_FILE = iSpread/Info.plist;
				IPHONEOS_DEPLOYMENT_TARGET = 13.4;
				LD_RUNPATH_SEARCH_PATHS = (
					"$(inherited)",
					"@executable_path/Frameworks",
				);
				PRODUCT_BUNDLE_IDENTIFIER = com.alexkoiv.iSpread;
				PRODUCT_NAME = "$(TARGET_NAME)";
				SWIFT_VERSION = 5.0;
				TARGETED_DEVICE_FAMILY = "1,2";
			};
			name = Release;
		};
		ECC5592424C7C8FC00A245A7 /* Debug */ = {
			isa = XCBuildConfiguration;
			buildSettings = {
				ALWAYS_EMBED_SWIFT_STANDARD_LIBRARIES = YES;
				BUNDLE_LOADER = "$(TEST_HOST)";
				"CODE_SIGN_IDENTITY[sdk=macosx*]" = "Apple Development";
				CODE_SIGN_STYLE = Automatic;
				DEVELOPMENT_TEAM = Y3576LMB63;
				INFOPLIST_FILE = iSpreadTests/Info.plist;
				IPHONEOS_DEPLOYMENT_TARGET = 13.4;
				LD_RUNPATH_SEARCH_PATHS = (
					"$(inherited)",
					"@executable_path/Frameworks",
					"@loader_path/Frameworks",
				);
				PRODUCT_BUNDLE_IDENTIFIER = com.developers.iSpreadTests;
				PRODUCT_NAME = "$(TARGET_NAME)";
				SWIFT_VERSION = 5.0;
				TARGETED_DEVICE_FAMILY = "1,2";
				TEST_HOST = "$(BUILT_PRODUCTS_DIR)/iSpread.app/iSpread";
			};
			name = Debug;
		};
		ECC5592524C7C8FC00A245A7 /* Release */ = {
			isa = XCBuildConfiguration;
			buildSettings = {
				ALWAYS_EMBED_SWIFT_STANDARD_LIBRARIES = YES;
				BUNDLE_LOADER = "$(TEST_HOST)";
				"CODE_SIGN_IDENTITY[sdk=macosx*]" = "Apple Development";
				CODE_SIGN_STYLE = Automatic;
				DEVELOPMENT_TEAM = Y3576LMB63;
				INFOPLIST_FILE = iSpreadTests/Info.plist;
				IPHONEOS_DEPLOYMENT_TARGET = 13.4;
				LD_RUNPATH_SEARCH_PATHS = (
					"$(inherited)",
					"@executable_path/Frameworks",
					"@loader_path/Frameworks",
				);
				PRODUCT_BUNDLE_IDENTIFIER = com.developers.iSpreadTests;
				PRODUCT_NAME = "$(TARGET_NAME)";
				SWIFT_VERSION = 5.0;
				TARGETED_DEVICE_FAMILY = "1,2";
				TEST_HOST = "$(BUILT_PRODUCTS_DIR)/iSpread.app/iSpread";
			};
			name = Release;
		};
		ECC5592724C7C8FC00A245A7 /* Debug */ = {
			isa = XCBuildConfiguration;
			buildSettings = {
				ALWAYS_EMBED_SWIFT_STANDARD_LIBRARIES = YES;
				"CODE_SIGN_IDENTITY[sdk=macosx*]" = "Apple Development";
				CODE_SIGN_STYLE = Automatic;
				DEVELOPMENT_TEAM = Y3576LMB63;
				INFOPLIST_FILE = iSpreadUITests/Info.plist;
				LD_RUNPATH_SEARCH_PATHS = (
					"$(inherited)",
					"@executable_path/Frameworks",
					"@loader_path/Frameworks",
				);
				PRODUCT_BUNDLE_IDENTIFIER = com.developers.iSpreadUITests;
				PRODUCT_NAME = "$(TARGET_NAME)";
				SWIFT_VERSION = 5.0;
				TARGETED_DEVICE_FAMILY = "1,2";
				TEST_TARGET_NAME = iSpread;
			};
			name = Debug;
		};
		ECC5592824C7C8FC00A245A7 /* Release */ = {
			isa = XCBuildConfiguration;
			buildSettings = {
				ALWAYS_EMBED_SWIFT_STANDARD_LIBRARIES = YES;
				"CODE_SIGN_IDENTITY[sdk=macosx*]" = "Apple Development";
				CODE_SIGN_STYLE = Automatic;
				DEVELOPMENT_TEAM = Y3576LMB63;
				INFOPLIST_FILE = iSpreadUITests/Info.plist;
				LD_RUNPATH_SEARCH_PATHS = (
					"$(inherited)",
					"@executable_path/Frameworks",
					"@loader_path/Frameworks",
				);
				PRODUCT_BUNDLE_IDENTIFIER = com.developers.iSpreadUITests;
				PRODUCT_NAME = "$(TARGET_NAME)";
				SWIFT_VERSION = 5.0;
				TARGETED_DEVICE_FAMILY = "1,2";
				TEST_TARGET_NAME = iSpread;
			};
			name = Release;
		};
/* End XCBuildConfiguration section */

/* Begin XCConfigurationList section */
		ECC558F124C7C8F900A245A7 /* Build configuration list for PBXProject "iSpread" */ = {
			isa = XCConfigurationList;
			buildConfigurations = (
				ECC5591E24C7C8FC00A245A7 /* Debug */,
				ECC5591F24C7C8FC00A245A7 /* Release */,
			);
			defaultConfigurationIsVisible = 0;
			defaultConfigurationName = Release;
		};
		ECC5592024C7C8FC00A245A7 /* Build configuration list for PBXNativeTarget "iSpread" */ = {
			isa = XCConfigurationList;
			buildConfigurations = (
				ECC5592124C7C8FC00A245A7 /* Debug */,
				ECC5592224C7C8FC00A245A7 /* Release */,
			);
			defaultConfigurationIsVisible = 0;
			defaultConfigurationName = Release;
		};
		ECC5592324C7C8FC00A245A7 /* Build configuration list for PBXNativeTarget "iSpreadTests" */ = {
			isa = XCConfigurationList;
			buildConfigurations = (
				ECC5592424C7C8FC00A245A7 /* Debug */,
				ECC5592524C7C8FC00A245A7 /* Release */,
			);
			defaultConfigurationIsVisible = 0;
			defaultConfigurationName = Release;
		};
		ECC5592624C7C8FC00A245A7 /* Build configuration list for PBXNativeTarget "iSpreadUITests" */ = {
			isa = XCConfigurationList;
			buildConfigurations = (
				ECC5592724C7C8FC00A245A7 /* Debug */,
				ECC5592824C7C8FC00A245A7 /* Release */,
			);
			defaultConfigurationIsVisible = 0;
			defaultConfigurationName = Release;
		};
/* End XCConfigurationList section */
	};
	rootObject = ECC558EE24C7C8F900A245A7 /* Project object */;
}
